# This file is automatically @generated by Cargo.
# It is not intended for manual editing.
version = 4

[[package]]
name = "Lion-cli"
version = "0.3.2"
dependencies = [
 "setter",
]

[[package]]
name = "setter"
version = "0.9.2"
source = "registry+https://github.com/rust-lang/crates.io-index"
checksum = "8cce2ea5180c9b9b09e147855893d1d08151d2a95318e43ead3b08f1a212e9e6"
